lockfileVersion: 5.3

specifiers:
  '@vitejs/plugin-vue': ^1.2.3
  '@vue/compiler-sfc': ^3.1.1
  element-plus: ^1.0.2-beta.48
  vite: ^2.3.7
  vite-plugin-style-import: ^0.10.1
  vue: ^3.1.1
  vue-router: '4'

dependencies:
  element-plus: registry.nlark.com/element-plus/1.0.2-beta.48_vue@3.1.1
  vue: registry.nlark.com/vue/3.1.1
  vue-router: registry.nlark.com/vue-router/4.0.8_vue@3.1.1

devDependencies:
  '@vitejs/plugin-vue': registry.nlark.com/@vitejs/plugin-vue/1.2.3_@vue+compiler-sfc@3.1.1
  '@vue/compiler-sfc': registry.nlark.com/@vue/compiler-sfc/3.1.1_vue@3.1.1
  vite: registry.nlark.com/vite/2.3.7
  vite-plugin-style-import: registry.nlark.com/vite-plugin-style-import/0.10.1_vite@2.3.7

packages:

  /@rollup/pluginutils/4.1.0:
    resolution: {integrity: sha1-Dcxhx4DjkldVT+t/dyB9zsoTyDg=, tarball: '@rollup/pluginutils/download/@rollup/pluginutils-4.1.0.tgz'}
    engines: {node: '>= 8.0.0'}
    peerDependencies:
      rollup: ^1.20.0||^2.0.0
    dependencies:
      estree-walker: 2.0.2
      picomatch: registry.nlark.com/picomatch/2.3.0
    dev: true

  /bluebird/3.7.2:
    resolution: {integrity: sha1-nyKcFb4nJFT/qXOs4NvueaGww28=, tarball: bluebird/download/bluebird-3.7.2.tgz}
    dev: true

  /camel-case/4.1.2:
    resolution: {integrity: sha1-lygHKpVPgFIoIlpt7qazhGHhvVo=, tarball: camel-case/download/camel-case-4.1.2.tgz}
    dependencies:
      pascal-case: 3.1.2
      tslib: registry.nlark.com/tslib/2.3.0
    dev: true

  /colorette/1.2.2:
    resolution: {integrity: sha1-y8x51emcrqLb8Q6zom/Ys+as+pQ=, tarball: colorette/download/colorette-1.2.2.tgz?cache=0&sync_timestamp=1614262012735&other_urls=https%3A%2F%2Fregistry.npm.taobao.org%2Fcolorette%2Fdownload%2Fcolorette-1.2.2.tgz}
    dev: true

  /consolidate/0.16.0:
    resolution: {integrity: sha1-oRhkdokw8vGUMWYKZZBmaPX73BY=, tarball: consolidate/download/consolidate-0.16.0.tgz}
    engines: {node: '>= 0.10.0'}
    dependencies:
      bluebird: 3.7.2
    dev: true

  /cssesc/3.0.0:
    resolution: {integrity: sha1-N3QZGZA7hoVl4cCep0dEXNGJg+4=, tarball: cssesc/download/cssesc-3.0.0.tgz}
    engines: {node: '>=4'}
    hasBin: true
    dev: true

  /debug/4.3.2:
    resolution: {integrity: sha1-8KScGKyHeeMdSgxgKd+3aHPHQos=, tarball: debug/download/debug-4.3.2.tgz}
    engines: {node: '>=6.0'}
    peerDependencies:
      supports-color: '*'
    peerDependenciesMeta:
      supports-color:
        optional: true
    dependencies:
      ms: 2.1.2
    dev: true

  /dot-case/3.0.4:
    resolution: {integrity: sha1-mytnDQCkMWZ6inW6Kc0bmICc51E=, tarball: dot-case/download/dot-case-3.0.4.tgz}
    dependencies:
      no-case: 3.0.4
      tslib: registry.nlark.com/tslib/2.3.0
    dev: true

  /emojis-list/3.0.0:
    resolution: {integrity: sha1-VXBmIEatKeLpFucariYKvf9Pang=, tarball: emojis-list/download/emojis-list-3.0.0.tgz}
    engines: {node: '>= 4'}
    dev: true

  /es-module-lexer/0.4.1:
    resolution: {integrity: sha1-3ajGoU2PNAok40Mx4Pqwy1BDjg4=, tarball: es-module-lexer/download/es-module-lexer-0.4.1.tgz}
    dev: true

  /estree-walker/2.0.2:
    resolution: {integrity: sha1-UvAQF4wqTBF6d1fP6UKtt9LaTKw=, tarball: estree-walker/download/estree-walker-2.0.2.tgz}

  /fsevents/2.3.2:
    resolution: {integrity: sha1-ilJveLj99GI7cJ4Ll1xSwkwC/Ro=, tarball: fsevents/download/fsevents-2.3.2.tgz}
    engines: {node: ^8.16.0 || ^10.6.0 || >=11.0.0}
    dev: true
    optional: true

  /function-bind/1.1.1:
    resolution: {integrity: sha1-pWiZ0+o8m6uHS7l3O3xe3pL0iV0=, tarball: function-bind/download/function-bind-1.1.1.tgz}
    dev: true

  /generic-names/2.0.1:
    resolution: {integrity: sha1-+KN46tLMqno08DF7BVVIMq5BuHI=, tarball: generic-names/download/generic-names-2.0.1.tgz}
    dependencies:
      loader-utils: 1.4.0
    dev: true

  /has/1.0.3:
    resolution: {integrity: sha1-ci18v8H2qoJB8W3YFOAR4fQeh5Y=, tarball: has/download/has-1.0.3.tgz}
    engines: {node: '>= 0.4.0'}
    dependencies:
      function-bind: 1.1.1
    dev: true

  /hash-sum/2.0.0:
    resolution: {integrity: sha1-gdAbtd6OpKIUrV1urRtSNGCwtFo=, tarball: hash-sum/download/hash-sum-2.0.0.tgz}
    dev: true

  /icss-replace-symbols/1.1.0:
    resolution: {integrity: sha1-Bupvg2ead0njhs/h/oEq5dsiPe0=, tarball: icss-replace-symbols/download/icss-replace-symbols-1.1.0.tgz}
    dev: true

  /icss-utils/5.1.0_postcss@8.3.3:
    resolution: {integrity: sha1-xr5oWKvQE9do6YNmrkfiXViHsa4=, tarball: icss-utils/download/icss-utils-5.1.0.tgz}
    engines: {node: ^10 || ^12 || >= 14}
    peerDependencies:
      postcss: ^8.1.0
    dependencies:
      postcss: registry.nlark.com/postcss/8.3.3
    dev: true

  /json5/1.0.1:
    resolution: {integrity: sha1-d5+wAYYE+oVOrL9iUhgNg1Q+Pb4=, tarball: json5/download/json5-1.0.1.tgz}
    hasBin: true
    dependencies:
      minimist: 1.2.5
    dev: true

  /loader-utils/1.4.0:
    resolution: {integrity: sha1-xXm140yzSxp07cbB+za/o3HVphM=, tarball: loader-utils/download/loader-utils-1.4.0.tgz}
    engines: {node: '>=4.0.0'}
    dependencies:
      big.js: registry.nlark.com/big.js/5.2.2
      emojis-list: 3.0.0
      json5: 1.0.1
    dev: true

  /lodash.camelcase/4.3.0:
    resolution: {integrity: sha1-soqmKIorn8ZRA1x3EfZathkDMaY=, tarball: lodash.camelcase/download/lodash.camelcase-4.3.0.tgz}
    dev: true

  /lodash/4.17.21:
    resolution: {integrity: sha1-Z5WRxWTDv/quhFTPCz3zcMPWkRw=, tarball: lodash/download/lodash-4.17.21.tgz?cache=0&other_urls=https%3A%2F%2Fregistry.npm.taobao.org%2Flodash%2Fdownload%2Flodash-4.17.21.tgz}
    dev: false

  /lower-case/2.0.2:
    resolution: {integrity: sha1-b6I3xj29xKgsoP2ILkci3F5jTig=, tarball: lower-case/download/lower-case-2.0.2.tgz}
    dependencies:
      tslib: registry.nlark.com/tslib/2.3.0
    dev: true

  /lru-cache/5.1.1:
    resolution: {integrity: sha1-HaJ+ZxAnGUdpXa9oSOhH8B2EuSA=, tarball: lru-cache/download/lru-cache-5.1.1.tgz}
    dependencies:
      yallist: 3.1.1
    dev: true

  /magic-string/0.25.7:
    resolution: {integrity: sha1-P0l9b9NMZpxnmNy4IfLvMfVEUFE=, tarball: magic-string/download/magic-string-0.25.7.tgz}
    dependencies:
      sourcemap-codec: registry.nlark.com/sourcemap-codec/1.4.8
    dev: true

  /merge-source-map/1.1.0:
    resolution: {integrity: sha1-L93n5gIJOfcJBqaPLXrmheTIxkY=, tarball: merge-source-map/download/merge-source-map-1.1.0.tgz}
    dependencies:
      source-map: 0.6.1
    dev: true

  /minimist/1.2.5:
    resolution: {integrity: sha1-Z9ZgFLZqaoqqDAg8X9WN9OTpdgI=, tarball: minimist/download/minimist-1.2.5.tgz?cache=0&sync_timestamp=1586263793064&other_urls=https%3A%2F%2Fregistry.npm.taobao.org%2Fminimist%2Fdownload%2Fminimist-1.2.5.tgz}
    dev: true

  /mitt/2.1.0:
    resolution: {integrity: sha1-90BXfCMXbGIFsSGylzUU6t4bIjA=, tarball: mitt/download/mitt-2.1.0.tgz}
    dev: false

  /ms/2.1.2:
    resolution: {integrity: sha1-0J0fNXtEP0kzgqjrPM0YOHKuYAk=, tarball: ms/download/ms-2.1.2.tgz}
    dev: true

  /no-case/3.0.4:
    resolution: {integrity: sha1-02H9XJgA9VhVGoNp/A3NRmK2Ek0=, tarball: no-case/download/no-case-3.0.4.tgz}
    dependencies:
      lower-case: 2.0.2
      tslib: registry.nlark.com/tslib/2.3.0
    dev: true

  /normalize-wheel/1.0.1:
    resolution: {integrity: sha1-rsiGr/2wRQcNhWRH32Ls+GFG7EU=, tarball: normalize-wheel/download/normalize-wheel-1.0.1.tgz}
    dev: false

  /param-case/3.0.4:
    resolution: {integrity: sha1-fRf+SqEr3jTUp32RrPtiGcqtAcU=, tarball: param-case/download/param-case-3.0.4.tgz}
    dependencies:
      dot-case: 3.0.4
      tslib: registry.nlark.com/tslib/2.3.0
    dev: true

  /pascal-case/3.1.2:
    resolution: {integrity: sha1-tI4O8rmOIF58Ha50fQsVCCN2YOs=, tarball: pascal-case/download/pascal-case-3.1.2.tgz}
    dependencies:
      no-case: 3.0.4
      tslib: registry.nlark.com/tslib/2.3.0
    dev: true

  /postcss-modules-extract-imports/3.0.0_postcss@8.3.3:
    resolution: {integrity: sha1-zaHwR8CugMl9vijD52pDuIAldB0=, tarball: postcss-modules-extract-imports/download/postcss-modules-extract-imports-3.0.0.tgz}
    engines: {node: ^10 || ^12 || >= 14}
    peerDependencies:
      postcss: ^8.1.0
    dependencies:
      postcss: registry.nlark.com/postcss/8.3.3
    dev: true

  /postcss-modules-local-by-default/4.0.0_postcss@8.3.3:
    resolution: {integrity: sha1-67tU+uFZjuz99pGgKz/zs5ClpRw=, tarball: postcss-modules-local-by-default/download/postcss-modules-local-by-default-4.0.0.tgz}
    engines: {node: ^10 || ^12 || >= 14}
    peerDependencies:
      postcss: ^8.1.0
    dependencies:
      icss-utils: 5.1.0_postcss@8.3.3
      postcss: registry.nlark.com/postcss/8.3.3
      postcss-selector-parser: registry.nlark.com/postcss-selector-parser/6.0.6
      postcss-value-parser: 4.1.0
    dev: true

  /postcss-modules-scope/3.0.0_postcss@8.3.3:
    resolution: {integrity: sha1-nvMVFFbTu/oSDKRImN/Kby+gHwY=, tarball: postcss-modules-scope/download/postcss-modules-scope-3.0.0.tgz}
    engines: {node: ^10 || ^12 || >= 14}
    peerDependencies:
      postcss: ^8.1.0
    dependencies:
      postcss: registry.nlark.com/postcss/8.3.3
      postcss-selector-parser: registry.nlark.com/postcss-selector-parser/6.0.6
    dev: true

  /postcss-modules-values/4.0.0_postcss@8.3.3:
    resolution: {integrity: sha1-18Xn5ow7s8myfL9Iyguz/7RgLJw=, tarball: postcss-modules-values/download/postcss-modules-values-4.0.0.tgz}
    engines: {node: ^10 || ^12 || >= 14}
    peerDependencies:
      postcss: ^8.1.0
    dependencies:
      icss-utils: 5.1.0_postcss@8.3.3
      postcss: registry.nlark.com/postcss/8.3.3
    dev: true

  /postcss-value-parser/4.1.0:
    resolution: {integrity: sha1-RD9qIM7WSBor2k+oUypuVdeJoss=, tarball: postcss-value-parser/download/postcss-value-parser-4.1.0.tgz}
    dev: true

  /resize-observer-polyfill/1.5.1:
    resolution: {integrity: sha1-DpAg3T0hAkRY1OvSfiPkAmmBBGQ=, tarball: resize-observer-polyfill/download/resize-observer-polyfill-1.5.1.tgz}
    dev: false

  /resolve/1.20.0:
    resolution: {integrity: sha1-YpoBP7P3B1XW8LeTXMHCxTeLGXU=, tarball: resolve/download/resolve-1.20.0.tgz}
    dependencies:
      is-core-module: registry.nlark.com/is-core-module/2.4.0
      path-parse: registry.nlark.com/path-parse/1.0.7
    dev: true

  /source-map/0.6.1:
    resolution: {integrity: sha1-dHIq8y6WFOnCh6jQu95IteLxomM=, tarball: source-map/download/source-map-0.6.1.tgz}
    engines: {node: '>=0.10.0'}

  /upper-case/2.0.2:
    resolution: {integrity: sha1-2JgQgj+qsd8VSbfZenb4Ziuub3o=, tarball: upper-case/download/upper-case-2.0.2.tgz}
    dependencies:
      tslib: registry.nlark.com/tslib/2.3.0
    dev: true

  /util-deprecate/1.0.2:
    resolution: {integrity: sha1-RQ1Nyfpw3nMnYvvS1KKJgUGaDM8=, tarball: util-deprecate/download/util-deprecate-1.0.2.tgz}
    dev: true

  /yallist/3.1.1:
    resolution: {integrity: sha1-27fa+b/YusmrRev2ArjLrQ1dCP0=, tarball: yallist/download/yallist-3.1.1.tgz}
    dev: true

  registry.nlark.com/@babel/helper-validator-identifier/7.14.5:
    resolution: {integrity: sha1-0PDid8US4Mk4J3+qhaOWjJpEwOg=, registry: https://registry.npm.taobao.org/, tarball: https://registry.nlark.com/@babel/helper-validator-identifier/download/@babel/helper-validator-identifier-7.14.5.tgz}
    name: '@babel/helper-validator-identifier'
    version: 7.14.5
    engines: {node: '>=6.9.0'}

  registry.nlark.com/@babel/parser/7.14.5:
    resolution: {integrity: sha1-TNLzRiYQYbJRiHP/7N8WEssDKCk=, registry: https://registry.npm.taobao.org/, tarball: https://registry.nlark.com/@babel/parser/download/@babel/parser-7.14.5.tgz}
    name: '@babel/parser'
    version: 7.14.5
    engines: {node: '>=6.0.0'}
    hasBin: true

  registry.nlark.com/@babel/types/7.14.5:
    resolution: {integrity: sha1-O7mXuoKaIQTO2yBonEpbgSHTg/8=, registry: https://registry.npm.taobao.org/, tarball: https://registry.nlark.com/@babel/types/download/@babel/types-7.14.5.tgz?cache=0&sync_timestamp=1623291161671&other_urls=https%3A%2F%2Fregistry.nlark.com%2F%40babel%2Ftypes%2Fdownload%2F%40babel%2Ftypes-7.14.5.tgz}
    name: '@babel/types'
    version: 7.14.5
    engines: {node: '>=6.9.0'}
    dependencies:
      '@babel/helper-validator-identifier': registry.nlark.com/@babel/helper-validator-identifier/7.14.5
      to-fast-properties: registry.nlark.com/to-fast-properties/2.0.0

  registry.nlark.com/@popperjs/core/2.9.2:
    resolution: {integrity: sha1-rep7aVPLs0ZRdmsFSEaOdDxqI1M=, registry: https://registry.npm.taobao.org/, tarball: https://registry.nlark.com/@popperjs/core/download/@popperjs/core-2.9.2.tgz}
    name: '@popperjs/core'
    version: 2.9.2
    dev: false

  registry.nlark.com/@types/lodash/4.14.170:
    resolution: {integrity: sha1-DWdxHUv39MpRR+kJG4R0ebh5JdY=, registry: https://registry.npm.taobao.org/, tarball: https://registry.nlark.com/@types/lodash/download/@types/lodash-4.14.170.tgz}
    name: '@types/lodash'
    version: 4.14.170
    dev: false

  registry.nlark.com/@vitejs/plugin-vue/1.2.3_@vue+compiler-sfc@3.1.1:
    resolution: {integrity: sha1-Lo4AixzDpq0d++x1dDx//ZtIcqY=, registry: https://registry.npm.taobao.org/, tarball: https://registry.nlark.com/@vitejs/plugin-vue/download/@vitejs/plugin-vue-1.2.3.tgz}
    id: registry.nlark.com/@vitejs/plugin-vue/1.2.3
    name: '@vitejs/plugin-vue'
    version: 1.2.3
    engines: {node: '>=12.0.0'}
    peerDependencies:
      '@vue/compiler-sfc': ^3.0.8
    dependencies:
      '@vue/compiler-sfc': registry.nlark.com/@vue/compiler-sfc/3.1.1_vue@3.1.1
    dev: true

  registry.nlark.com/@vue/compiler-core/3.1.1:
    resolution: {integrity: sha1-TyxdcOq9RUZ1cUzIvSuX9qjvsZY=, registry: https://registry.npm.taobao.org/, tarball: https://registry.nlark.com/@vue/compiler-core/download/@vue/compiler-core-3.1.1.tgz}
    name: '@vue/compiler-core'
    version: 3.1.1
    dependencies:
      '@babel/parser': registry.nlark.com/@babel/parser/7.14.5
      '@babel/types': registry.nlark.com/@babel/types/7.14.5
      '@vue/shared': registry.nlark.com/@vue/shared/3.1.1
      estree-walker: 2.0.2
      source-map: 0.6.1

  registry.nlark.com/@vue/compiler-dom/3.1.1:
    resolution: {integrity: sha1-72DYVqwu3lsq1ccqemgSKJXj1lI=, registry: https://registry.npm.taobao.org/, tarball: https://registry.nlark.com/@vue/compiler-dom/download/@vue/compiler-dom-3.1.1.tgz}
    name: '@vue/compiler-dom'
    version: 3.1.1
    dependencies:
      '@vue/compiler-core': registry.nlark.com/@vue/compiler-core/3.1.1
      '@vue/shared': registry.nlark.com/@vue/shared/3.1.1

  registry.nlark.com/@vue/compiler-sfc/3.1.1_vue@3.1.1:
    resolution: {integrity: sha1-1ORQfAE9CyGfCxBrMX7FuxzeM5g=, registry: https://registry.npm.taobao.org/, tarball: https://registry.nlark.com/@vue/compiler-sfc/download/@vue/compiler-sfc-3.1.1.tgz}
    id: registry.nlark.com/@vue/compiler-sfc/3.1.1
    name: '@vue/compiler-sfc'
    version: 3.1.1
    peerDependencies:
      vue: 3.1.1
    dependencies:
      '@babel/parser': registry.nlark.com/@babel/parser/7.14.5
      '@babel/types': registry.nlark.com/@babel/types/7.14.5
      '@vue/compiler-core': registry.nlark.com/@vue/compiler-core/3.1.1
      '@vue/compiler-dom': registry.nlark.com/@vue/compiler-dom/3.1.1
      '@vue/compiler-ssr': registry.nlark.com/@vue/compiler-ssr/3.1.1
      '@vue/shared': registry.nlark.com/@vue/shared/3.1.1
      consolidate: 0.16.0
      estree-walker: 2.0.2
      hash-sum: 2.0.0
      lru-cache: 5.1.1
      magic-string: 0.25.7
      merge-source-map: 1.1.0
      postcss: registry.nlark.com/postcss/8.3.3
      postcss-modules: registry.nlark.com/postcss-modules/4.1.3_postcss@8.3.3
      postcss-selector-parser: registry.nlark.com/postcss-selector-parser/6.0.6
      source-map: 0.6.1
      vue: registry.nlark.com/vue/3.1.1
    dev: true

  registry.nlark.com/@vue/compiler-ssr/3.1.1:
    resolution: {integrity: sha1-HQi5hgE5cljtBZt1lm4OlKOF13A=, registry: https://registry.npm.taobao.org/, tarball: https://registry.nlark.com/@vue/compiler-ssr/download/@vue/compiler-ssr-3.1.1.tgz}
    name: '@vue/compiler-ssr'
    version: 3.1.1
    dependencies:
      '@vue/compiler-dom': registry.nlark.com/@vue/compiler-dom/3.1.1
      '@vue/shared': registry.nlark.com/@vue/shared/3.1.1
    dev: true

  registry.nlark.com/@vue/devtools-api/6.0.0-beta.14:
    resolution: {integrity: sha1-btLW+NZqklbJrQS//wgwm6h7lyM=, registry: https://registry.npm.taobao.org/, tarball: https://registry.nlark.com/@vue/devtools-api/download/@vue/devtools-api-6.0.0-beta.14.tgz}
    name: '@vue/devtools-api'
    version: 6.0.0-beta.14
    dev: false

  registry.nlark.com/@vue/reactivity/3.1.1:
    resolution: {integrity: sha1-nAL9FGpsOwPn1li3z3b0tpsPmMg=, registry: https://registry.npm.taobao.org/, tarball: https://registry.nlark.com/@vue/reactivity/download/@vue/reactivity-3.1.1.tgz}
    name: '@vue/reactivity'
    version: 3.1.1
    dependencies:
      '@vue/shared': registry.nlark.com/@vue/shared/3.1.1
    dev: false

  registry.nlark.com/@vue/runtime-core/3.1.1:
    resolution: {integrity: sha1-VCEQwJpkPX2AZGovBxr/azJMQVg=, registry: https://registry.npm.taobao.org/, tarball: https://registry.nlark.com/@vue/runtime-core/download/@vue/runtime-core-3.1.1.tgz}
    name: '@vue/runtime-core'
    version: 3.1.1
    dependencies:
      '@vue/reactivity': registry.nlark.com/@vue/reactivity/3.1.1
      '@vue/shared': registry.nlark.com/@vue/shared/3.1.1
    dev: false

  registry.nlark.com/@vue/runtime-dom/3.1.1:
    resolution: {integrity: sha1-VTm7zhMtKfZEW0lky3tBZKiaXOY=, registry: https://registry.npm.taobao.org/, tarball: https://registry.nlark.com/@vue/runtime-dom/download/@vue/runtime-dom-3.1.1.tgz}
    name: '@vue/runtime-dom'
    version: 3.1.1
    dependencies:
      '@vue/runtime-core': registry.nlark.com/@vue/runtime-core/3.1.1
      '@vue/shared': registry.nlark.com/@vue/shared/3.1.1
      csstype: registry.nlark.com/csstype/2.6.17
    dev: false

  registry.nlark.com/@vue/shared/3.1.1:
    resolution: {integrity: sha1-IofPw9wg5bIK62XCw6VlM73KgBw=, registry: https://registry.npm.taobao.org/, tarball: https://registry.nlark.com/@vue/shared/download/@vue/shared-3.1.1.tgz}
    name: '@vue/shared'
    version: 3.1.1

  registry.nlark.com/async-validator/3.5.2:
    resolution: {integrity: sha1-aOhmqWgk6LJpT/eoMcGiXETV5QA=, registry: https://registry.npm.taobao.org/, tarball: https://registry.nlark.com/async-validator/download/async-validator-3.5.2.tgz}
    name: async-validator
    version: 3.5.2
    dev: false

  registry.nlark.com/big.js/5.2.2:
    resolution: {integrity: sha1-ZfCvOC9Xi83HQr2cKB6cstd2gyg=, registry: https://registry.npm.taobao.org/, tarball: https://registry.nlark.com/big.js/download/big.js-5.2.2.tgz}
    name: big.js
    version: 5.2.2
    dev: true

  registry.nlark.com/capital-case/1.0.4:
    resolution: {integrity: sha1-nRMCkjU8kkn2sA+lhSvuOKcX5mk=, registry: https://registry.npm.taobao.org/, tarball: https://registry.nlark.com/capital-case/download/capital-case-1.0.4.tgz}
    name: capital-case
    version: 1.0.4
    dependencies:
      no-case: 3.0.4
      tslib: registry.nlark.com/tslib/2.3.0
      upper-case-first: registry.nlark.com/upper-case-first/2.0.2
    dev: true

  registry.nlark.com/change-case/4.1.2:
    resolution: {integrity: sha1-/t/F8TYEXiOYwEEO5EH5VwRkHhI=, registry: https://registry.npm.taobao.org/, tarball: https://registry.nlark.com/change-case/download/change-case-4.1.2.tgz}
    name: change-case
    version: 4.1.2
    dependencies:
      camel-case: 4.1.2
      capital-case: registry.nlark.com/capital-case/1.0.4
      constant-case: registry.nlark.com/constant-case/3.0.4
      dot-case: 3.0.4
      header-case: registry.nlark.com/header-case/2.0.4
      no-case: 3.0.4
      param-case: 3.0.4
      pascal-case: 3.1.2
      path-case: registry.nlark.com/path-case/3.0.4
      sentence-case: registry.nlark.com/sentence-case/3.0.4
      snake-case: registry.nlark.com/snake-case/3.0.4
      tslib: registry.nlark.com/tslib/2.3.0
    dev: true

  registry.nlark.com/constant-case/3.0.4:
    resolution: {integrity: sha1-O4Sprq9M8x7EXmv13pG9+wWJ+vE=, registry: https://registry.npm.taobao.org/, tarball: https://registry.nlark.com/constant-case/download/constant-case-3.0.4.tgz}
    name: constant-case
    version: 3.0.4
    dependencies:
      no-case: 3.0.4
      tslib: registry.nlark.com/tslib/2.3.0
      upper-case: 2.0.2
    dev: true

  registry.nlark.com/csstype/2.6.17:
    resolution: {integrity: sha1-TPMOuH4dGgBdi2UQ+VKSQT9qHA4=, registry: https://registry.npm.taobao.org/, tarball: https://registry.nlark.com/csstype/download/csstype-2.6.17.tgz?cache=0&sync_timestamp=1618818778879&other_urls=https%3A%2F%2Fregistry.nlark.com%2Fcsstype%2Fdownload%2Fcsstype-2.6.17.tgz}
    name: csstype
    version: 2.6.17
    dev: false

  registry.nlark.com/dayjs/1.10.5:
    resolution: {integrity: sha1-VgDfRUj8JFOz8WPrsqu+llzPuYY=, registry: https://registry.npm.taobao.org/, tarball: https://registry.nlark.com/dayjs/download/dayjs-1.10.5.tgz?cache=0&sync_timestamp=1622012991203&other_urls=https%3A%2F%2Fregistry.nlark.com%2Fdayjs%2Fdownload%2Fdayjs-1.10.5.tgz}
    name: dayjs
    version: 1.10.5
    dev: false

  registry.nlark.com/element-plus/1.0.2-beta.48_vue@3.1.1:
    resolution: {integrity: sha1-jamd7NOXuZdc2JTTiQltLtWMaZ4=, registry: https://registry.npm.taobao.org/, tarball: https://registry.nlark.com/element-plus/download/element-plus-1.0.2-beta.48.tgz}
    id: registry.nlark.com/element-plus/1.0.2-beta.48
    name: element-plus
    version: 1.0.2-beta.48
    peerDependencies:
      vue: 3.1.1
    dependencies:
      '@popperjs/core': registry.nlark.com/@popperjs/core/2.9.2
      '@types/lodash': registry.nlark.com/@types/lodash/4.14.170
      async-validator: registry.nlark.com/async-validator/3.5.2
      dayjs: registry.nlark.com/dayjs/1.10.5
      lodash: 4.17.21
      mitt: 2.1.0
      normalize-wheel: 1.0.1
      resize-observer-polyfill: 1.5.1
      vue: registry.nlark.com/vue/3.1.1
    dev: false

  registry.nlark.com/esbuild/0.12.8:
    resolution: {integrity: sha1-rJDad8s7+/SauBUgC873/+GjNI8=, registry: https://registry.npm.taobao.org/, tarball: https://registry.nlark.com/esbuild/download/esbuild-0.12.8.tgz}
    name: esbuild
    version: 0.12.8
    hasBin: true
    requiresBuild: true
    dev: true

  registry.nlark.com/header-case/2.0.4:
    resolution: {integrity: sha1-WkLmO1UXc0nPQFvrjXdayruSwGM=, registry: https://registry.npm.taobao.org/, tarball: https://registry.nlark.com/header-case/download/header-case-2.0.4.tgz}
    name: header-case
    version: 2.0.4
    dependencies:
      capital-case: registry.nlark.com/capital-case/1.0.4
      tslib: registry.nlark.com/tslib/2.3.0
    dev: true

  registry.nlark.com/is-core-module/2.4.0:
    resolution: {integrity: sha1-jp/I4VAnsBFBgCbpjw5vTYYwXME=, registry: https://registry.npm.taobao.org/, tarball: https://registry.nlark.com/is-core-module/download/is-core-module-2.4.0.tgz}
    name: is-core-module
    version: 2.4.0
    dependencies:
      has: 1.0.3
    dev: true

  registry.nlark.com/nanoid/3.1.23:
    resolution: {integrity: sha1-90QIbOfCvEfuCoRyV01ceOQYOoE=, registry: https://registry.npm.taobao.org/, tarball: https://registry.nlark.com/nanoid/download/nanoid-3.1.23.tgz}
    name: nanoid
    version: 3.1.23
    engines: {node: ^10 || ^12 || ^13.7 || ^14 || >=15.0.1}
    hasBin: true
    dev: true

  registry.nlark.com/path-case/3.0.4:
    resolution: {integrity: sha1-kWhkUzTrlCZYN1xW+AtMDLX4LG8=, registry: https://registry.npm.taobao.org/, tarball: https://registry.nlark.com/path-case/download/path-case-3.0.4.tgz}
    name: path-case
    version: 3.0.4
    dependencies:
      dot-case: 3.0.4
      tslib: registry.nlark.com/tslib/2.3.0
    dev: true

  registry.nlark.com/path-parse/1.0.7:
    resolution: {integrity: sha1-+8EUtgykKzDZ2vWFjkvWi77bZzU=, registry: https://registry.npm.taobao.org/, tarball: https://registry.nlark.com/path-parse/download/path-parse-1.0.7.tgz}
    name: path-parse
    version: 1.0.7
    dev: true

  registry.nlark.com/picomatch/2.3.0:
    resolution: {integrity: sha1-8fBh3o9qS/AiiS4tEoI0+5gwKXI=, registry: https://registry.npm.taobao.org/, tarball: https://registry.nlark.com/picomatch/download/picomatch-2.3.0.tgz}
    name: picomatch
    version: 2.3.0
    engines: {node: '>=8.6'}
    dev: true

  registry.nlark.com/postcss-modules/4.1.3_postcss@8.3.3:
    resolution: {integrity: sha1-xMTEHZjZfSTHDojaz8l69aSz4h0=, registry: https://registry.npm.taobao.org/, tarball: https://registry.nlark.com/postcss-modules/download/postcss-modules-4.1.3.tgz}
    id: registry.nlark.com/postcss-modules/4.1.3
    name: postcss-modules
    version: 4.1.3
    peerDependencies:
      postcss: ^8.0.0
    dependencies:
      generic-names: 2.0.1
      icss-replace-symbols: 1.1.0
      lodash.camelcase: 4.3.0
      postcss: registry.nlark.com/postcss/8.3.3
      postcss-modules-extract-imports: 3.0.0_postcss@8.3.3
      postcss-modules-local-by-default: 4.0.0_postcss@8.3.3
      postcss-modules-scope: 3.0.0_postcss@8.3.3
      postcss-modules-values: 4.0.0_postcss@8.3.3
      string-hash: registry.nlark.com/string-hash/1.1.3
    dev: true

  registry.nlark.com/postcss-selector-parser/6.0.6:
    resolution: {integrity: sha1-LFu6gXSsL2mBq2MaQqsO5UrzMuo=, registry: https://registry.npm.taobao.org/, tarball: https://registry.nlark.com/postcss-selector-parser/download/postcss-selector-parser-6.0.6.tgz}
    name: postcss-selector-parser
    version: 6.0.6
    engines: {node: '>=4'}
    dependencies:
      cssesc: 3.0.0
      util-deprecate: 1.0.2
    dev: true

  registry.nlark.com/postcss/8.3.3:
    resolution: {integrity: sha1-70EqemfoXFssnwqzxNnoo4FNVcw=, registry: https://registry.npm.taobao.org/, tarball: https://registry.nlark.com/postcss/download/postcss-8.3.3.tgz}
    name: postcss
    version: 8.3.3
    engines: {node: ^10 || ^12 || >=14}
    dependencies:
      colorette: 1.2.2
      nanoid: registry.nlark.com/nanoid/3.1.23
      source-map-js: registry.nlark.com/source-map-js/0.6.2
    dev: true

  registry.nlark.com/rollup/2.51.2:
    resolution: {integrity: sha1-beceKMgzCJoL10WglnGj4rkq9rc=, registry: https://registry.npm.taobao.org/, tarball: https://registry.nlark.com/rollup/download/rollup-2.51.2.tgz}
    name: rollup
    version: 2.51.2
    engines: {node: '>=10.0.0'}
    hasBin: true
    optionalDependencies:
      fsevents: 2.3.2
    dev: true

  registry.nlark.com/sentence-case/3.0.4:
    resolution: {integrity: sha1-NkWnuMEXx4f96HAgViJbtipFEx8=, registry: https://registry.npm.taobao.org/, tarball: https://registry.nlark.com/sentence-case/download/sentence-case-3.0.4.tgz}
    name: sentence-case
    version: 3.0.4
    dependencies:
      no-case: 3.0.4
      tslib: registry.nlark.com/tslib/2.3.0
      upper-case-first: registry.nlark.com/upper-case-first/2.0.2
    dev: true

  registry.nlark.com/snake-case/3.0.4:
    resolution: {integrity: sha1-Tyu9Vo6ZNavf1ZPzTGkdrbScRSw=, registry: https://registry.npm.taobao.org/, tarball: https://registry.nlark.com/snake-case/download/snake-case-3.0.4.tgz}
    name: snake-case
    version: 3.0.4
    dependencies:
      dot-case: 3.0.4
      tslib: registry.nlark.com/tslib/2.3.0
    dev: true

  registry.nlark.com/source-map-js/0.6.2:
    resolution: {integrity: sha1-C7XeYxtBz72mz7qL0FqA79/SOF4=, registry: https://registry.npm.taobao.org/, tarball: https://registry.nlark.com/source-map-js/download/source-map-js-0.6.2.tgz}
    name: source-map-js
    version: 0.6.2
    engines: {node: '>=0.10.0'}
    dev: true

  registry.nlark.com/sourcemap-codec/1.4.8:
    resolution: {integrity: sha1-6oBL2UhXQC5pktBaOO8a41qatMQ=, registry: https://registry.npm.taobao.org/, tarball: https://registry.nlark.com/sourcemap-codec/download/sourcemap-codec-1.4.8.tgz}
    name: sourcemap-codec
    version: 1.4.8
    dev: true

  registry.nlark.com/string-hash/1.1.3:
    resolution: {integrity: sha1-6Kr8CsGFW0Zmkp7X3RJ1311sgRs=, registry: https://registry.npm.taobao.org/, tarball: https://registry.nlark.com/string-hash/download/string-hash-1.1.3.tgz}
    name: string-hash
    version: 1.1.3
    dev: true

  registry.nlark.com/to-fast-properties/2.0.0:
    resolution: {integrity: sha1-3F5pjL0HkmW8c+A3doGk5Og/YW4=, registry: https://registry.npm.taobao.org/, tarball: https://registry.nlark.com/to-fast-properties/download/to-fast-properties-2.0.0.tgz}
    name: to-fast-properties
    version: 2.0.0
    engines: {node: '>=4'}

  registry.nlark.com/tslib/2.3.0:
    resolution: {integrity: sha1-gDuM2rPhK6WBpMpByIObuw2ssJ4=, registry: https://registry.npm.taobao.org/, tarball: https://registry.nlark.com/tslib/download/tslib-2.3.0.tgz}
    name: tslib
    version: 2.3.0
    dev: true

  registry.nlark.com/upper-case-first/2.0.2:
    resolution: {integrity: sha1-mSwyc/iCq9GdHgKJTMFHEX+EQyQ=, registry: https://registry.npm.taobao.org/, tarball: https://registry.nlark.com/upper-case-first/download/upper-case-first-2.0.2.tgz}
    name: upper-case-first
    version: 2.0.2
    dependencies:
      tslib: registry.nlark.com/tslib/2.3.0
    dev: true

  registry.nlark.com/vite-plugin-style-import/0.10.1_vite@2.3.7:
    resolution: {integrity: sha1-hzLSwEySt+E6ev3cuOSjTyifwXw=, registry: https://registry.npm.taobao.org/, tarball: https://registry.nlark.com/vite-plugin-style-import/download/vite-plugin-style-import-0.10.1.tgz}
    id: registry.nlark.com/vite-plugin-style-import/0.10.1
    name: vite-plugin-style-import
    version: 0.10.1
    peerDependencies:
      vite: '>=2.0.0'
    dependencies:
      '@rollup/pluginutils': 4.1.0
      change-case: registry.nlark.com/change-case/4.1.2
      debug: 4.3.2
      es-module-lexer: 0.4.1
      magic-string: 0.25.7
      vite: registry.nlark.com/vite/2.3.7
    transitivePeerDependencies:
      - rollup
      - supports-color
    dev: true

  registry.nlark.com/vite/2.3.7:
    resolution: {integrity: sha1-MCOJJBk2dGXhrxc5V4+GY9BCQ7I=, registry: https://registry.npm.taobao.org/, tarball: https://registry.nlark.com/vite/download/vite-2.3.7.tgz}
    name: vite
    version: 2.3.7
    engines: {node: '>=12.0.0'}
    hasBin: true
    dependencies:
      esbuild: registry.nlark.com/esbuild/0.12.8
      postcss: registry.nlark.com/postcss/8.3.3
      resolve: 1.20.0
      rollup: registry.nlark.com/rollup/2.51.2
    optionalDependencies:
      fsevents: 2.3.2
    dev: true

  registry.nlark.com/vue-router/4.0.8_vue@3.1.1:
    resolution: {integrity: sha1-VdQpCjEiRE7byRo80kkrsdDO9JQ=, registry: https://registry.npm.taobao.org/, tarball: https://registry.nlark.com/vue-router/download/vue-router-4.0.8.tgz}
    id: registry.nlark.com/vue-router/4.0.8
    name: vue-router
    version: 4.0.8
    peerDependencies:
      vue: ^3.0.0
    dependencies:
      '@vue/devtools-api': registry.nlark.com/@vue/devtools-api/6.0.0-beta.14
      vue: registry.nlark.com/vue/3.1.1
    dev: false

  registry.nlark.com/vue/3.1.1:
    resolution: {integrity: sha1-mtZVdYoPpsDe5bPSQx05Eqmzgao=, registry: https://registry.npm.taobao.org/, tarball: https://registry.nlark.com/vue/download/vue-3.1.1.tgz}
    name: vue
    version: 3.1.1
    dependencies:
      '@vue/compiler-dom': registry.nlark.com/@vue/compiler-dom/3.1.1
      '@vue/runtime-dom': registry.nlark.com/@vue/runtime-dom/3.1.1
      '@vue/shared': registry.nlark.com/@vue/shared/3.1.1
    dev: false
